version = 1
revision = 3
requires-python = ">=3.11"

[[package]]
name = "altgraph"
version = "0.17.5"
source = { registry = "https://pypi.org/simple" }
sdist = { url = "https://files.pythonhosted.org/packages/7e/f8/97fdf103f38fed6792a1601dbc16cc8aac56e7459a9fff08c812d8ae177a/altgraph-0.17.5.tar.gz", hash = "sha256:c87b395dd12fabde9c99573a9749d67da8d29ef9de0125c7f536699b4a9bc9e7", size = 48428, upload-time = "2025-11-21T20:35:50.583Z" }
wheels = [
    { url = "https://files.pythonhosted.org/packages/a9/ba/000a1996d4308bc65120167c21241a3b205464a2e0b58deda26ae8ac21d1/altgraph-0.17.5-py2.py3-none-any.whl", hash = "sha256:f3a22400bce1b0c701683820ac4f3b159cd301acab067c51c653e06961600597", size = 21228, upload-time = "2025-11-21T20:35:49.444Z" },
]

[[package]]
name = "evdev"
version = "1.9.3"
source = { registry = "https://pypi.org/simple" }
sdist = { url = "https://files.pythonhosted.org/packages/a5/f5/397b61091120a9ca5001041dd7bf76c385b3bfd67a0e5bcb74b852bd22a4/evdev-1.9.3.tar.gz", hash = "sha256:2c140e01ac8437758fa23fe5c871397412461f42d421aa20241dc8fe8cfccbc9", size = 32723, upload-time = "2026-02-05T21:54:24.987Z" }

[[package]]
name = "macholib"
version = "1.16.4"
source = { registry = "https://pypi.org/simple" }
dependencies = [
    { name = "altgraph" },
]
sdist = { url = "https://files.pythonhosted.org/packages/10/2f/97589876ea967487978071c9042518d28b958d87b17dceb7cdc1d881f963/macholib-1.16.4.tar.gz", hash = "sha256:f408c93ab2e995cd2c46e34fe328b130404be143469e41bc366c807448979362", size = 59427, upload-time = "2025-11-22T08:28:38.373Z" }
wheels = [
    { url = "https://files.pythonhosted.org/packages/c7/d1/a9f36f8ecdf0fb7c9b1e78c8d7af12b8c8754e74851ac7b94a8305540fc7/macholib-1.16.4-py2.py3-none-any.whl", hash = "sha256:da1a3fa8266e30f0ce7e97c6a54eefaae8edd1e5f86f3eb8b95457cae90265ea", size = 38117, upload-time = "2025-11-22T08:28:36.939Z" },
]

[[package]]
name = "packaging"
version = "26.2"
source = { registry = "https://pypi.org/simple" }
sdist = { url = "https://files.pythonhosted.org/packages/d7/f1/e7a6dd94a8d4a5626c03e4e99c87f241ba9e350cd9e6d75123f992427270/packaging-26.2.tar.gz", hash = "sha256:ff452ff5a3e828ce110190feff1178bb1f2ea2281fa2075aadb987c2fb221661", size = 228134, upload-time = "2026-04-24T20:15:23.917Z" }
wheels = [
    { url = "https://files.pythonhosted.org/packages/df/b2/87e62e8c3e2f4b32e5fe99e0b86d576da1312593b39f47d8ceef365e95ed/packaging-26.2-py3-none-any.whl", hash = "sha256:5fc45236b9446107ff2415ce77c807cee2862cb6fac22b8a73826d0693b0980e", size = 100195, upload-time = "2026-04-24T20:15:22.081Z" },
]

[[package]]
name = "pefile"
version = "2024.8.26"
source = { registry = "https://pypi.org/simple" }
sdist = { url = "https://files.pythonhosted.org/packages/03/4f/2750f7f6f025a1507cd3b7218691671eecfd0bbebebe8b39aa0fe1d360b8/pefile-2024.8.26.tar.gz", hash = "sha256:3ff6c5d8b43e8c37bb6e6dd5085658d658a7a0bdcd20b6a07b1fcfc1c4e9d632", size = 76008, upload-time = "2024-08-26T20:58:38.155Z" }
wheels = [
    { url = "https://files.pythonhosted.org/packages/54/16/12b82f791c7f50ddec566873d5bdd245baa1491bac11d15ffb98aecc8f8b/pefile-2024.8.26-py3-none-any.whl", hash = "sha256:76f8b485dcd3b1bb8166f1128d395fa3d87af26360c2358fb75b80019b957c6f", size = 74766, upload-time = "2024-08-26T21:01:02.632Z" },
]

[[package]]
name = "pyinstaller"
version = "6.20.0"
source = { registry = "https://pypi.org/simple" }
dependencies = [
    { name = "altgraph" },
    { name = "macholib", marker = "sys_platform == 'darwin'" },
    { name = "packaging" },
    { name = "pefile", marker = "sys_platform == 'win32'" },
    { name = "pyinstaller-hooks-contrib" },
    { name = "pywin32-ctypes", marker = "sys_platform == 'win32'" },
    { name = "setuptools" },
]
sdist = { url = "https://files.pythonhosted.org/packages/46/60/d03d52e6690d4e9caf333dcd14550cde634ce6c118b3bc8fa3112c3186fd/pyinstaller-6.20.0.tar.gz", hash = "sha256:95c5c7e03d5d61e9dfb8ef259c699cf492bb1041beb6dbe83696608cec07347a", size = 4048728, upload-time = "2026-04-22T20:59:36.96Z" }
wheels = [
    { url = "https://files.pythonhosted.org/packages/d0/e4/e228d6d1bbb7fd62dc660a8fb202a583b023d3a3624ca95d1a9290ee4d6a/pyinstaller-6.20.0-py3-none-macosx_10_13_universal2.whl", hash = "sha256:bf3be4e1284ee78ddccba5e29f99443a12a7b4673168288ffc4c9d38c6f7b90e", size = 1047642, upload-time = "2026-04-22T20:58:32.006Z" },
    { url = "https://files.pythonhosted.org/packages/ce/bd/afb631bcb3f9040efebd4f6d067f0828b51710818f69fb41a2d4b7787f52/pyinstaller-6.20.0-py3-none-manylinux2014_aarch64.whl", hash = "sha256:72ae9c1fdea134afa791f58bdc9a1934d5c7609753c111e0026bfc272b32b712", size = 742494, upload-time = "2026-04-22T20:58:36.285Z" },
    { url = "https://files.pythonhosted.org/packages/76/08/0729a5bac14754150e5d83b39d87d842eb42b0bffcaa03dbad6252e23a39/pyinstaller-6.20.0-py3-none-manylinux2014_i686.whl", hash = "sha256:1031bcc307f3fbeffd4e162723e64d46dbf591c82dd0997413afb2a07328b941", size = 754191, upload-time = "2026-04-22T20:58:40.603Z" },
    { url = "https://files.pythonhosted.org/packages/e6/82/bc0ee4c7b97db1958eb651e0da9fb1e672e5ae53ca8867fd97701de52906/pyinstaller-6.20.0-py3-none-manylinux2014_ppc64le.whl", hash = "sha256:8df3b3f347659fa2562d8d193a98ad4600133b8b8d07c268df89e4154376750e", size = 751902, upload-time = "2026-04-22T20:58:44.7Z" },
    { url = "https://files.pythonhosted.org/packages/3d/e7/770002d6aaa54173881cb2c49bb195ba67b97bf39bac1cdf320f28401629/pyinstaller-6.20.0-py3-none-manylinux2014_s390x.whl", hash = "sha256:b0d3cc9dd8120d448459bd3880a12e2f9774c51443af49047801446377999a59", size = 748634, upload-time = "2026-04-22T20:58:48.579Z" },
    { url = "https://files.pythonhosted.org/packages/fe/db/68ba1fccb71278b2124fb90b37b7c8c0bc4c1173fba45b94466df3d9cb7f/pyinstaller-6.20.0-py3-none-manylinux2014_x86_64.whl", hash = "sha256:03696bb6350177c6bc23bcaf78e71a33c4a89b6754dd90d1be2f318e978c918b", size = 748490, upload-time = "2026-04-22T20:58:52.749Z" },
    { url = "https://files.pythonhosted.org/packages/03/0f/ac77ffa996a56be3d5c8f85734a007f8347240691657f9704e7de2527fa3/pyinstaller-6.20.0-py3-none-musllinux_1_1_aarch64.whl", hash = "sha256:6357f1699f6af84f37e7367f031d4f68abdba65543b83990c9e8f5a4cebed0b7", size = 747650, upload-time = "2026-04-22T20:58:57.093Z" },
    { url = "https://files.pythonhosted.org/packages/e0/56/1ee91c3a2bc10ca1f36da10a6fd55ff7efc4dec367171eb25992a827874f/pyinstaller-6.20.0-py3-none-musllinux_1_1_x86_64.whl", hash = "sha256:0ab39c690abad26ba148e8f664f0478acc82a733997f4f22e757774832802da9", size = 747413, upload-time = "2026-04-22T20:59:01.174Z" },
    { url = "https://files.pythonhosted.org/packages/d7/55/ae264339996953c4cdf9d89d916a0a8fa26a83cf917a742fff8b9d5f3fe8/pyinstaller-6.20.0-py3-none-win32.whl", hash = "sha256:9a7637e8e44b4387b13667fdcaac86ab6b29c446c16d34d8401539b81838759c", size = 1331584, upload-time = "2026-04-22T20:59:07.201Z" },
    { url = "https://files.pythonhosted.org/packages/76/8c/300f57578882cce259bfb5ae56fda3b69caa3fe9df40a176c719920ea6e2/pyinstaller-6.20.0-py3-none-win_amd64.whl", hash = "sha256:d588844e890ee80c4365867f98146636e1849bbca8e4284bbf0c809aff0f161a", size = 1391851, upload-time = "2026-04-22T20:59:14.024Z" },
    { url = "https://files.pythonhosted.org/packages/8a/ea/b2f8e1642aecda78c0b75c7321f708e49e10bb3c00dd4f148c40761a1527/pyinstaller-6.20.0-py3-none-win_arm64.whl", hash = "sha256:bd53282c0a73e5c95573e1ddc8e5d564d4932bec91efbaed4dc5fdff9c2ae7f2", size = 1332259, upload-time = "2026-04-22T20:59:20.509Z" },
]

[[package]]
name = "pyinstaller-hooks-contrib"
version = "2026.5"
source = { registry = "https://pypi.org/simple" }
dependencies = [
    { name = "packaging" },
    { name = "setuptools" },
]
sdist = { url = "https://files.pythonhosted.org/packages/1a/67/f4452d68793fb15beba4f19ef39a38a8822f0da7452b503c400d5a21f5c1/pyinstaller_hooks_contrib-2026.5.tar.gz", hash = "sha256:f066dfca8f7c45ff6336c9cf9fe25b4e48bfeb322a1aa24faaedfb8a8d1b0b08", size = 173689, upload-time = "2026-05-04T22:36:55.124Z" }
wheels = [
    { url = "https://files.pythonhosted.org/packages/f6/5c/fd465d11da4d12b50d7eb5d2ee2ceb780d8d049dbb489f3828d131e387af/pyinstaller_hooks_contrib-2026.5-py3-none-any.whl", hash = "sha256:ea1535783fbdac4626351709e83f3ea80b681d3a4745763ebb407b5e27342eb9", size = 457314, upload-time = "2026-05-04T22:36:53.598Z" },
]

[[package]]
name = "pynput"
version = "1.8.1"
source = { registry = "https://pypi.org/simple" }
dependencies = [
    { name = "evdev", marker = "'linux' in sys_platform" },
    { name = "pyobjc-framework-applicationservices", marker = "sys_platform == 'darwin'" },
    { name = "pyobjc-framework-quartz", marker = "sys_platform == 'darwin'" },
    { name = "python-xlib", marker = "'linux' in sys_platform" },
    { name = "six" },
]
sdist = { url = "https://files.pythonhosted.org/packages/f0/c3/dccf44c68225046df5324db0cc7d563a560635355b3e5f1d249468268a6f/pynput-1.8.1.tar.gz", hash = "sha256:70d7c8373ee98911004a7c938742242840a5628c004573d84ba849d4601df81e", size = 82289, upload-time = "2025-03-17T17:12:01.481Z" }
wheels = [
    { url = "https://files.pythonhosted.org/packages/59/4f/ac3fa906ae8a375a536b12794128c5efacade9eaa917a35dfd27ce0c7400/pynput-1.8.1-py2.py3-none-any.whl", hash = "sha256:42dfcf27404459ca16ca889c8fb8ffe42a9fe54f722fd1a3e130728e59e768d2", size = 91693, upload-time = "2025-03-17T17:12:00.094Z" },
]

[[package]]
name = "pyobjc-core"
version = "12.1"
source = { registry = "https://pypi.org/simple" }
sdist = { url = "https://files.pythonhosted.org/packages/b8/b6/d5612eb40be4fd5ef88c259339e6313f46ba67577a95d86c3470b951fce0/pyobjc_core-12.1.tar.gz", hash = "sha256:2bb3903f5387f72422145e1466b3ac3f7f0ef2e9960afa9bcd8961c5cbf8bd21", size = 1000532, upload-time = "2025-11-14T10:08:28.292Z" }
wheels = [
    { url = "https://files.pythonhosted.org/packages/95/df/d2b290708e9da86d6e7a9a2a2022b91915cf2e712a5a82e306cb6ee99792/pyobjc_core-12.1-cp311-cp311-macosx_10_9_universal2.whl", hash = "sha256:c918ebca280925e7fcb14c5c43ce12dcb9574a33cccb889be7c8c17f3bcce8b6", size = 671263, upload-time = "2025-11-14T09:31:35.231Z" },
    { url = "https://files.pythonhosted.org/packages/64/5a/6b15e499de73050f4a2c88fff664ae154307d25dc04da8fb38998a428358/pyobjc_core-12.1-cp312-cp312-macosx_10_13_universal2.whl", hash = "sha256:818bcc6723561f207e5b5453efe9703f34bc8781d11ce9b8be286bb415eb4962", size = 678335, upload-time = "2025-11-14T09:32:20.107Z" },
    { url = "https://files.pythonhosted.org/packages/f4/d2/29e5e536adc07bc3d33dd09f3f7cf844bf7b4981820dc2a91dd810f3c782/pyobjc_core-12.1-cp313-cp313-macosx_10_13_universal2.whl", hash = "sha256:01c0cf500596f03e21c23aef9b5f326b9fb1f8f118cf0d8b66749b6cf4cbb37a", size = 677370, upload-time = "2025-11-14T09:33:05.273Z" },
    { url = "https://files.pythonhosted.org/packages/1b/f0/4b4ed8924cd04e425f2a07269943018d43949afad1c348c3ed4d9d032787/pyobjc_core-12.1-cp313-cp313t-macosx_10_13_universal2.whl", hash = "sha256:177aaca84bb369a483e4961186704f64b2697708046745f8167e818d968c88fc", size = 719586, upload-time = "2025-11-14T09:33:53.302Z" },
    { url = "https://files.pythonhosted.org/packages/25/98/9f4ed07162de69603144ff480be35cd021808faa7f730d082b92f7ebf2b5/pyobjc_core-12.1-cp314-cp314-macosx_10_15_universal2.whl", hash = "sha256:844515f5d86395b979d02152576e7dee9cc679acc0b32dc626ef5bda315eaa43", size = 670164, upload-time = "2025-11-14T09:34:37.458Z" },
    { url = "https://files.pythonhosted.org/packages/62/50/dc076965c96c7f0de25c0a32b7f8aa98133ed244deaeeacfc758783f1f30/pyobjc_core-12.1-cp314-cp314t-macosx_10_15_universal2.whl", hash = "sha256:453b191df1a4b80e756445b935491b974714456ae2cbae816840bd96f86db882", size = 712204, upload-time = "2025-11-14T09:35:24.148Z" },
]

[[package]]
name = "pyobjc-framework-applicationservices"
version = "12.1"
source = { registry = "https://pypi.org/simple" }
dependencies = [
    { name = "pyobjc-core" },
    { name = "pyobjc-framework-cocoa" },
    { name = "pyobjc-framework-coretext" },
    { name = "pyobjc-framework-quartz" },
]
sdist = { url = "https://files.pythonhosted.org/packages/be/6a/d4e613c8e926a5744fc47a9e9fea08384a510dc4f27d844f7ad7a2d793bd/pyobjc_framework_applicationservices-12.1.tar.gz", hash = "sha256:c06abb74f119bc27aeb41bf1aef8102c0ae1288aec1ac8665ea186a067a8945b", size = 103247, upload-time = "2025-11-14T10:08:52.18Z" }
wheels = [
    { url = "https://files.pythonhosted.org/packages/17/86/d07eff705ff909a0ffa96d14fc14026e9fc9dd716233648c53dfd5056b8e/pyobjc_framework_applicationservices-12.1-cp311-cp311-macosx_10_9_universal2.whl", hash = "sha256:bdddd492eeac6d14ff2f5bd342aba29e30dffa72a2d358c08444da22129890e2", size = 32784, upload-time = "2025-11-14T09:36:08.755Z" },
    { url = "https://files.pythonhosted.org/packages/37/a7/55fa88def5c02732c4b747606ff1cbce6e1f890734bbd00f5596b21eaa02/pyobjc_framework_applicationservices-12.1-cp312-cp312-macosx_10_13_universal2.whl", hash = "sha256:c8f6e2fb3b3e9214ab4864ef04eee18f592b46a986c86ea0113448b310520532", size = 32835, upload-time = "2025-11-14T09:36:11.855Z" },
    { url = "https://files.pythonhosted.org/packages/fc/21/79e42ee836f1010f5fe9e97d2817a006736bd287c15a3674c399190a2e77/pyobjc_framework_applicationservices-12.1-cp313-cp313-macosx_10_13_universal2.whl", hash = "sha256:bd1f4dbb38234a24ae6819f5e22485cf7dd3dd4074ff3bf9a9fdb4c01a3b4a38", size = 32859, upload-time = "2025-11-14T09:36:15.208Z" },
    { url = "https://files.pythonhosted.org/packages/66/3a/0f1d4dcf2345e875e5ea9761d5a70969e241d24089133d21f008dde596f5/pyobjc_framework_applicationservices-12.1-cp313-cp313t-macosx_10_13_universal2.whl", hash = "sha256:8a5d2845249b6a85ba9e320a9848468c3f8cd6f59605a9a43f406a7810eaa830", size = 33115, upload-time = "2025-11-14T09:36:18.384Z" },
    { url = "https://files.pythonhosted.org/packages/40/44/3196b40fec68b4413c92875311f17ccf4c3ff7d2e53676f8fc18ad29bd18/pyobjc_framework_applicationservices-12.1-cp314-cp314-macosx_10_15_universal2.whl", hash = "sha256:f43c9a24ad97a9121276d4d571aa04a924282c80d7291cfb3b29839c3e2013a8", size = 32997, upload-time = "2025-11-14T09:36:21.58Z" },
    { url = "https://files.pythonhosted.org/packages/fd/bb/dab21d2210d3ef7dd0616df7e8ea89b5d8d62444133a25f76e649a947168/pyobjc_framework_applicationservices-12.1-cp314-cp314t-macosx_10_15_universal2.whl", hash = "sha256:1f72e20009a4ebfd5ed5b23dc11c1528ad6b55cc63ee71952ddb2a5e5f1cb7da", size = 33238, upload-time = "2025-11-14T09:36:24.751Z" },
]

[[package]]
name = "pyobjc-framework-cocoa"
version = "12.1"
source = { registry = "https://pypi.org/simple" }
dependencies = [
    { name = "pyobjc-core" },
]
sdist = { url = "https://files.pythonhosted.org/packages/02/a3/16ca9a15e77c061a9250afbae2eae26f2e1579eb8ca9462ae2d2c71e1169/pyobjc_framework_cocoa-12.1.tar.gz", hash = "sha256:5556c87db95711b985d5efdaaf01c917ddd41d148b1e52a0c66b1a2e2c5c1640", size = 2772191, upload-time = "2025-11-14T10:13:02.069Z" }
wheels = [
    { url = "https://files.pythonhosted.org/packages/3f/07/5760735c0fffc65107e648eaf7e0991f46da442ac4493501be5380e6d9d4/pyobjc_framework_cocoa-12.1-cp311-cp311-macosx_10_9_universal2.whl", hash = "sha256:f52228bcf38da64b77328787967d464e28b981492b33a7675585141e1b0a01e6", size = 383812, upload-time = "2025-11-14T09:40:53.169Z" },
    { url = "https://files.pythonhosted.org/packages/95/bf/ee4f27ec3920d5c6fc63c63e797c5b2cc4e20fe439217085d01ea5b63856/pyobjc_framework_cocoa-12.1-cp312-cp312-macosx_10_13_universal2.whl", hash = "sha256:547c182837214b7ec4796dac5aee3aa25abc665757b75d7f44f83c994bcb0858", size = 384590, upload-time = "2025-11-14T09:41:17.336Z" },
    { url = "https://files.pythonhosted.org/packages/ad/31/0c2e734165abb46215797bd830c4bdcb780b699854b15f2b6240515edcc6/pyobjc_framework_cocoa-12.1-cp313-cp313-macosx_10_13_universal2.whl", hash = "sha256:5a3dcd491cacc2f5a197142b3c556d8aafa3963011110102a093349017705118", size = 384689, upload-time = "2025-11-14T09:41:41.478Z" },
    { url = "https://files.pythonhosted.org/packages/23/3b/b9f61be7b9f9b4e0a6db18b3c35c4c4d589f2d04e963e2174d38c6555a92/pyobjc_framework_cocoa-12.1-cp313-cp313t-macosx_10_13_universal2.whl", hash = "sha256:914b74328c22d8ca261d78c23ef2befc29776e0b85555973927b338c5734ca44", size = 388843, upload-time = "2025-11-14T09:42:05.719Z" },
    { url = "https://files.pythonhosted.org/packages/59/bb/f777cc9e775fc7dae77b569254570fe46eb842516b3e4fe383ab49eab598/pyobjc_framework_cocoa-12.1-cp314-cp314-macosx_10_15_universal2.whl", hash = "sha256:03342a60fc0015bcdf9b93ac0b4f457d3938e9ef761b28df9564c91a14f0129a", size = 384932, upload-time = "2025-11-14T09:42:29.771Z" },
    { url = "https://files.pythonhosted.org/packages/58/27/b457b7b37089cad692c8aada90119162dfb4c4a16f513b79a8b2b022b33b/pyobjc_framework_cocoa-12.1-cp314-cp314t-macosx_10_15_universal2.whl", hash = "sha256:6ba1dc1bfa4da42d04e93d2363491275fb2e2be5c20790e561c8a9e09b8cf2cc", size = 388970, upload-time = "2025-11-14T09:42:53.964Z" },
]

[[package]]
name = "pyobjc-framework-coretext"
version = "12.1"
source = { registry = "https://pypi.org/simple" }
dependencies = [
    { name = "pyobjc-core" },
    { name = "pyobjc-framework-cocoa" },
    { name = "pyobjc-framework-quartz" },
]
sdist = { url = "https://files.pythonhosted.org/packages/29/da/682c9c92a39f713bd3c56e7375fa8f1b10ad558ecb075258ab6f1cdd4a6d/pyobjc_framework_coretext-12.1.tar.gz", hash = "sha256:e0adb717738fae395dc645c9e8a10bb5f6a4277e73cba8fa2a57f3b518e71da5", size = 90124, upload-time = "2025-11-14T10:14:38.596Z" }
wheels = [
    { url = "https://files.pythonhosted.org/packages/f0/81/7b8efc41e743adfa2d74b92dec263c91bcebfb188d2a8f5eea1886a195ff/pyobjc_framework_coretext-12.1-cp311-cp311-macosx_10_9_universal2.whl", hash = "sha256:4f6742ba5b0bb7629c345e99eff928fbfd9e9d3d667421ac1a2a43bdb7ba9833", size = 29990, upload-time = "2025-11-14T09:47:01.206Z" },
    { url = "https://files.pythonhosted.org/packages/cd/0f/ddf45bf0e3ba4fbdc7772de4728fd97ffc34a0b5a15e1ab1115b202fe4ae/pyobjc_framework_coretext-12.1-cp312-cp312-macosx_10_13_universal2.whl", hash = "sha256:d246fa654bdbf43bae3969887d58f0b336c29b795ad55a54eb76397d0e62b93c", size = 30108, upload-time = "2025-11-14T09:47:04.228Z" },
    { url = "https://files.pythonhosted.org/packages/20/a2/a3974e3e807c68e23a9d7db66fc38ac54f7ecd2b7a9237042006699a76e1/pyobjc_framework_coretext-12.1-cp313-cp313-macosx_10_13_universal2.whl", hash = "sha256:7cbb2c28580e6704ce10b9a991ccd9563a22b3a75f67c36cf612544bd8b21b5f", size = 30110, upload-time = "2025-11-14T09:47:07.518Z" },
    { url = "https://files.pythonhosted.org/packages/0f/5d/85e059349e9cfbd57269a1f11f56747b3ff5799a3bcbd95485f363c623d8/pyobjc_framework_coretext-12.1-cp313-cp313t-macosx_10_13_universal2.whl", hash = "sha256:14100d1e39efb30f57869671fb6fce8d668f80c82e25e7930fb364866e5c0dab", size = 30697, upload-time = "2025-11-14T09:47:10.932Z" },
    { url = "https://files.pythonhosted.org/packages/ef/c3/adf9d306e9ead108167ab7a974ab7d171dbacf31c72fad63e12585f58023/pyobjc_framework_coretext-12.1-cp314-cp314-macosx_10_15_universal2.whl", hash = "sha256:782a1a9617ea267c05226e9cd81a8dec529969a607fe1e037541ee1feb9524e9", size = 30095, upload-time = "2025-11-14T09:47:13.893Z" },
    { url = "https://files.pythonhosted.org/packages/bd/ca/6321295f47a47b0fca7de7e751ddc0ddc360413f4e506335fe9b0f0fb085/pyobjc_framework_coretext-12.1-cp314-cp314t-macosx_10_15_universal2.whl", hash = "sha256:7afe379c5a870fa3e66e6f65231c3c1732d9ccd2cd2a4904b2cd5178c9e3c562", size = 30702, upload-time = "2025-11-14T09:47:17.292Z" },
]

[[package]]
name = "pyobjc-framework-quartz"
version = "12.1"
source = { registry = "https://pypi.org/simple" }
dependencies = [
    { name = "pyobjc-core" },
    { name = "pyobjc-framework-cocoa" },
]
sdist = { url = "https://files.pythonhosted.org/packages/94/18/cc59f3d4355c9456fc945eae7fe8797003c4da99212dd531ad1b0de8a0c6/pyobjc_framework_quartz-12.1.tar.gz", hash = "sha256:27f782f3513ac88ec9b6c82d9767eef95a5cf4175ce88a1e5a65875fee799608", size = 3159099, upload-time = "2025-11-14T10:21:24.31Z" }
wheels = [
    { url = "https://files.pythonhosted.org/packages/b7/ef/dcd22b743e38b3c430fce4788176c2c5afa8bfb01085b8143b02d1e75201/pyobjc_framework_quartz-12.1-cp311-cp311-macosx_10_9_universal2.whl", hash = "sha256:19f99ac49a0b15dd892e155644fe80242d741411a9ed9c119b18b7466048625a", size = 217795, upload-time = "2025-11-14T09:59:46.922Z" },
    { url = "https://files.pythonhosted.org/packages/e9/9b/780f057e5962f690f23fdff1083a4cfda5a96d5b4d3bb49505cac4f624f2/pyobjc_framework_quartz-12.1-cp312-cp312-macosx_10_13_universal2.whl", hash = "sha256:7730cdce46c7e985535b5a42c31381af4aa6556e5642dc55b5e6597595e57a16", size = 218798, upload-time = "2025-11-14T10:00:01.236Z" },
    { url = "https://files.pythonhosted.org/packages/ba/2d/e8f495328101898c16c32ac10e7b14b08ff2c443a756a76fd1271915f097/pyobjc_framework_quartz-12.1-cp313-cp313-macosx_10_13_universal2.whl", hash = "sha256:629b7971b1b43a11617f1460cd218bd308dfea247cd4ee3842eb40ca6f588860", size = 219206, upload-time = "2025-11-14T10:00:15.623Z" },
    { url = "https://files.pythonhosted.org/packages/67/43/b1f0ad3b842ab150a7e6b7d97f6257eab6af241b4c7d14cb8e7fde9214b8/pyobjc_framework_quartz-12.1-cp313-cp313t-macosx_10_13_universal2.whl", hash = "sha256:53b84e880c358ba1ddcd7e8d5ea0407d760eca58b96f0d344829162cda5f37b3", size = 224317, upload-time = "2025-11-14T10:00:30.703Z" },
    { url = "https://files.pythonhosted.org/packages/4a/00/96249c5c7e5aaca5f688ca18b8d8ad05cd7886ebd639b3c71a6a4cadbe75/pyobjc_framework_quartz-12.1-cp314-cp314-macosx_10_15_universal2.whl", hash = "sha256:42d306b07f05ae7d155984503e0fb1b701fecd31dcc5c79fe8ab9790ff7e0de0", size = 219558, upload-time = "2025-11-14T10:00:45.476Z" },
    { url = "https://files.pythonhosted.org/packages/4d/a6/708a55f3ff7a18c403b30a29a11dccfed0410485a7548c60a4b6d4cc0676/pyobjc_framework_quartz-12.1-cp314-cp314t-macosx_10_15_universal2.whl", hash = "sha256:0cc08fddb339b2760df60dea1057453557588908e42bdc62184b6396ce2d6e9a", size = 224580, upload-time = "2025-11-14T10:01:00.091Z" },
]

[[package]]
name = "pyqt6"
version = "6.11.0"
source = { registry = "https://pypi.org/simple" }
dependencies = [
    { name = "pyqt6-qt6" },
    { name = "pyqt6-sip" },
]
sdist = { url = "https://files.pythonhosted.org/packages/8b/47/b25c13eca5bebc6505394d0223e46d7ebf0c57dcac2ed908d7d19b18ab6b/pyqt6-6.11.0.tar.gz", hash = "sha256:45dd60aa69976de1918b5ced6b4e7b6a25abd2a919ecef5fd5826ecc76718889", size = 1087430, upload-time = "2026-03-30T09:16:13.543Z" }
wheels = [
    { url = "https://files.pythonhosted.org/packages/33/44/fcd3dd3f64c83c96bf9bce76ec16cca64bd9b91702c3d08fd8e3dafc73d9/pyqt6-6.11.0-cp310-abi3-macosx_10_14_universal2.whl", hash = "sha256:f7100bc7f72b12581ec479a733f4ad11b8002668e6786e8a445ab6f4d1c743d4", size = 12429735, upload-time = "2026-03-30T09:16:03.713Z" },
    { url = "https://files.pythonhosted.org/packages/c3/a0/bd1399740dfa80c0a94d20b02d89962a31458233dcf70eaa09bfbccf3d0f/pyqt6-6.11.0-cp310-abi3-manylinux_2_34_x86_64.whl", hash = "sha256:8555277989fa7d114cb3c3443fd261d566909f7268ceedd41d93a5f02d37ec05", size = 8334632, upload-time = "2026-03-30T09:16:06.066Z" },
    { url = "https://files.pythonhosted.org/packages/d3/db/425b184ac2430ba1978bb507ffd285ec007a872644e2ae5df13332dbcb05/pyqt6-6.11.0-cp310-abi3-manylinux_2_39_aarch64.whl", hash = "sha256:0734959955adde095af9a074213a7f73386d1bbbddfc27346b4c0621641a692e", size = 8321484, upload-time = "2026-03-30T09:16:08.135Z" },
    { url = "https://files.pythonhosted.org/packages/6f/85/dd9f03d78d87460e109e0121cd6201c5802bdd655656bf2780e964870fea/pyqt6-6.11.0-cp310-abi3-win_amd64.whl", hash = "sha256:bd11b459c54dca068e988a42cf838303334f0d441b9d16d92ae6719fcb5ac6ba", size = 6844358, upload-time = "2026-03-30T09:16:09.766Z" },
    { url = "https://files.pythonhosted.org/packages/cd/75/970b041bde4372cc6739c5ef9db1de83a6b36e788e4992e598baa35b2255/pyqt6-6.11.0-cp310-abi3-win_arm64.whl", hash = "sha256:b6324e3501b19b4292c7a55b1f22e82d3e80e519e383ce4fe79b4a754c6f0288", size = 5933984, upload-time = "2026-03-30T09:16:11.817Z" },
]

[[package]]
name = "pyqt6-qt6"
version = "6.11.0"
source = { registry = "https://pypi.org/simple" }
wheels = [
    { url = "https://files.pythonhosted.org/packages/eb/5e/9e65b87ba746bb3a2ee81d6f3b2a8a7a4dfc33335c0a6afa15e8621e5fe9/pyqt6_qt6-6.11.0-py3-none-macosx_10_14_x86_64.whl", hash = "sha256:447b04baf9bfd800410dc6a3b6faf24a2b754bd6e1c5d0dc609e6935362828f3", size = 70238920, upload-time = "2026-03-24T15:01:22.753Z" },
    { url = "https://files.pythonhosted.org/packages/eb/b2/a15f88a0d9f550b9581592f79fb64b827ab3d3343cbb2af05912e6c77d26/pyqt6_qt6-6.11.0-py3-none-macosx_11_0_arm64.whl", hash = "sha256:b510d0cb8f4d3f4306b6ff33a63234139c9c87c160909d3853e4deb1094782c2", size = 64036460, upload-time = "2026-03-24T15:01:42.951Z" },
    { url = "https://files.pythonhosted.org/packages/b5/f9/99696e6b2325ae54868111f581c59a8a6283b8f21bc931837f49093bc582/pyqt6_qt6-6.11.0-py3-none-manylinux_2_34_x86_64.whl", hash = "sha256:c2c3a14714536256a9fd761a8ac8e030dfed7b991200a220ca79d399fcc3d265", size = 85757517, upload-time = "2026-03-24T15:02:11.86Z" },
    { url = "https://files.pythonhosted.org/packages/9d/3c/a420d08723d4ab1998afead3e6f643333e93a9eadfde3486bdec25acfff0/pyqt6_qt6-6.11.0-py3-none-manylinux_2_39_aarch64.whl", hash = "sha256:acc5b78d7f718a5642f14b37928e074b048751cc86edb4c539e4425bfbd26827", size = 84854032, upload-time = "2026-03-24T15:03:26.991Z" },
    { url = "https://files.pythonhosted.org/packages/36/cd/da0147d331b44587a7214c7f59719ac4f8e9433b268016962b02067007d1/pyqt6_qt6-6.11.0-py3-none-win_amd64.whl", hash = "sha256:b0e42629cef2575f2178aaeb32b0e539291df869f91f4df48983da3ccaad05af", size = 78309473, upload-time = "2026-03-24T15:03:53.396Z" },
    { url = "https://files.pythonhosted.org/packages/72/9a/8d09ca47a61c2504b49e16c97ccde99b120ceec323d97f7ca776f8331213/pyqt6_qt6-6.11.0-py3-none-win_arm64.whl", hash = "sha256:bcfa594171408319935c25afc7f82a3ae3ba90678ea194631bbca1c6f68daa6d", size = 59848654, upload-time = "2026-03-24T15:04:18.117Z" },
]

[[package]]
name = "pyqt6-sip"
version = "13.11.1"
source = { registry = "https://pypi.org/simple" }
sdist = { url = "https://files.pythonhosted.org/packages/90/24/a753e1af94b9ae5b2da63d4598457308da3cdbf0838c959381db086ccc86/pyqt6_sip-13.11.1.tar.gz", hash = "sha256:869c5b48afe38e55b1ee0dd72182b0886e968cc509b98023ff50010b013ce1be", size = 92574, upload-time = "2026-03-09T13:01:35.418Z" }
wheels = [
    { url = "https://files.pythonhosted.org/packages/46/fa/049879f61888462099dcbab495ad16df770cca2432330cca0767ab8e87cb/pyqt6_sip-13.11.1-cp311-cp311-macosx_10_9_universal2.whl", hash = "sha256:c0ec2128c174db352bec1c8d23a437e970e8d5a78ac50315d8dfc671fcf7a7da", size = 111056, upload-time = "2026-03-09T13:01:07.998Z" },
    { url = "https://files.pythonhosted.org/packages/d5/0d/6ee861c53f3f7e6c5dd34a441d17aad1dfb3d50ce1f1a024cc9194ac3db3/pyqt6_sip-13.11.1-cp311-cp311-manylinux1_x86_64.manylinux_2_5_x86_64.whl", hash = "sha256:6aa6c15ad3a9bb86e69119baff77b4ac17c47e55ee567abff616a4652051a6cc", size = 289930, upload-time = "2026-03-09T13:01:11.122Z" },
    { url = "https://files.pythonhosted.org/packages/ca/39/c975733d7204a594e6ae51d3a810aad539d09718aa3ceeb0dd28cb3276bd/pyqt6_sip-13.11.1-cp311-cp311-manylinux_2_17_aarch64.manylinux2014_aarch64.whl", hash = "sha256:0ee652b272373c4f9287625ef32ad4ec1f0755c24928dc958a870b7a928b288c", size = 315827, upload-time = "2026-03-09T13:01:09.48Z" },
    { url = "https://files.pythonhosted.org/packages/4a/d6/c40e8ae38a6e2bce9e837b64688f55746bfdad1aa557eb733fb5e90edd7c/pyqt6_sip-13.11.1-cp311-cp311-win_amd64.whl", hash = "sha256:98db8ed37cf08130e1ee74b8ff47a6bfb8c3cdfe826310597a630a50e47feedc", size = 54029, upload-time = "2026-03-09T13:01:12.261Z" },
    { url = "https://files.pythonhosted.org/packages/fb/63/ec8c21ef9edffb55af42c637325d72eca4ea90a73ab714aaa1429c757e85/pyqt6_sip-13.11.1-cp311-cp311-win_arm64.whl", hash = "sha256:3af7a49dce4c35c5464309232c81cc1da5ec6074f46d2957831ee4031b8eefa6", size = 48458, upload-time = "2026-03-09T13:01:13.689Z" },
    { url = "https://files.pythonhosted.org/packages/46/27/47598e701d284497216bf97bf8b6a69f5e61412e716c232ff2b7e6cb2100/pyqt6_sip-13.11.1-cp312-cp312-macosx_10_9_universal2.whl", hash = "sha256:ba9d362dd1e54b43bc2594f8841e1e39d24789716d28f08e5c9282af9fca342c", size = 112564, upload-time = "2026-03-09T13:01:14.628Z" },
    { url = "https://files.pythonhosted.org/packages/95/cb/116f9b328636765f3bce97d9e10ec041c54bbe92beb0617edb86c2b615c1/pyqt6_sip-13.11.1-cp312-cp312-manylinux1_x86_64.manylinux_2_5_x86_64.whl", hash = "sha256:0df15849946cea969d3ff2b24b76149262b6044aea2c5403e4f70c24c973a4c8", size = 299564, upload-time = "2026-03-09T13:01:17.292Z" },
    { url = "https://files.pythonhosted.org/packages/1b/be/fe2321285e8f683e705d199dbb458131f1850dc5966155a19c40100c85bb/pyqt6_sip-13.11.1-cp312-cp312-manylinux_2_17_aarch64.manylinux2014_aarch64.whl", hash = "sha256:c52b2b27fc77d9447a8dc1c6de1aaccc22d41e48697aafb2f2f20b8984bb02a5", size = 321210, upload-time = "2026-03-09T13:01:15.904Z" },
    { url = "https://files.pythonhosted.org/packages/ec/9b/7d4b10f9cba1b6f581dfb4860b9d11898da55a5ed3b8a6e7a1bf9f7084d0/pyqt6_sip-13.11.1-cp312-cp312-win_amd64.whl", hash = "sha256:1d1c67179c1924b28e3d7f04585639e7a7c0946f62390efc6ccf2a6206e595d3", size = 53351, upload-time = "2026-03-09T13:01:19.327Z" },
    { url = "https://files.pythonhosted.org/packages/06/72/6c4e6f21cafa4bed40d2b0c1563525b0d8bfcb5734493696f4cfd043b45f/pyqt6_sip-13.11.1-cp312-cp312-win_arm64.whl", hash = "sha256:d83543125fe9fdb153e7e446c3b4d056d80ab5953644660633ab3f80e7784194", size = 48746, upload-time = "2026-03-09T13:01:20.248Z" },
    { url = "https://files.pythonhosted.org/packages/ee/0b/dc76c463c203e630b2c6417d4d5e337e919a265ac1c10127ef413551f5de/pyqt6_sip-13.11.1-cp313-cp313-macosx_10_13_universal2.whl", hash = "sha256:0c6d097aae7df312519e2b36e001bd796f6a2ce060ab8b9ed793daa8f407fe2e", size = 112552, upload-time = "2026-03-09T13:01:21.493Z" },
    { url = "https://files.pythonhosted.org/packages/d4/e3/65b605759859d38231ce7544065d4c61f891eb7766c351318e2a0b08a473/pyqt6_sip-13.11.1-cp313-cp313-manylinux1_x86_64.manylinux_2_5_x86_64.whl", hash = "sha256:a72f4ebdab16a8a484019ff593de90d8013d3286b678c6ba1c0bdb117f4fcb13", size = 299932, upload-time = "2026-03-09T13:01:24.912Z" },
    { url = "https://files.pythonhosted.org/packages/60/f7/c10d2dd5bf503a1de83bd163467bd323f12af016866c2814743b5b1efe1c/pyqt6_sip-13.11.1-cp313-cp313-manylinux_2_17_aarch64.manylinux2014_aarch64.whl", hash = "sha256:b68e442efc4275651bf63f2c43713e242924fd948909e31cf8f20d783ca505e9", size = 321497, upload-time = "2026-03-09T13:01:22.724Z" },
    { url = "https://files.pythonhosted.org/packages/e1/1f/e7e5ad77a76c00db5c8c1b9960f2b0672ec1978b971bb3509858cd7a9458/pyqt6_sip-13.11.1-cp313-cp313-win_amd64.whl", hash = "sha256:ca24bfd4d5d8274e338433df9ac41930650088c00018d3313c6bd8de21772a02", size = 53371, upload-time = "2026-03-09T13:01:26.286Z" },
    { url = "https://files.pythonhosted.org/packages/36/ef/a7acaf44980aed6fe26f1320e265db528fecb6a47ac67829c7cd011e9821/pyqt6_sip-13.11.1-cp313-cp313-win_arm64.whl", hash = "sha256:f532144c43f2fddcccf2e25df50cdb4a744edb4ce4ba5ed2d0f2cef825197f2f", size = 48745, upload-time = "2026-03-09T13:01:27.212Z" },
    { url = "https://files.pythonhosted.org/packages/20/1d/62c633faedef5bb3b8c7486a72e8a6466adaa2a14efcfccf85bb23426748/pyqt6_sip-13.11.1-cp314-cp314-macosx_10_15_universal2.whl", hash = "sha256:cb931c1af45294bbe8039c5cfda184e3023f5dc766fc884964010eedd8fd85db", size = 112678, upload-time = "2026-03-09T13:01:28.15Z" },
    { url = "https://files.pythonhosted.org/packages/03/72/5a3d9ffef0caa7e1bc7a35d6300f6099bfccd1d8a485b4320ba20013a2d9/pyqt6_sip-13.11.1-cp314-cp314-manylinux1_x86_64.manylinux_2_5_x86_64.whl", hash = "sha256:353d613129316e9f7eda6bbe821deb7b7ffa14483499189171fd8a246873f9ac", size = 299560, upload-time = "2026-03-09T13:01:32.134Z" },
    { url = "https://files.pythonhosted.org/packages/98/f4/886f901f1e04da717a11e180ba19a9c7fc62da170966d57206006f173bda/pyqt6_sip-13.11.1-cp314-cp314-manylinux_2_17_aarch64.manylinux2014_aarch64.whl", hash = "sha256:fcadd68e09ee24cdda8f8bfcba52e59c9b297055d2c450f0eb89afa61a8dc31a", size = 321846, upload-time = "2026-03-09T13:01:29.817Z" },
    { url = "https://files.pythonhosted.org/packages/96/f2/b68fd566f7f86dbb53d933489e70487cabaea0e0161690e4899653bbc7fb/pyqt6_sip-13.11.1-cp314-cp314-win_amd64.whl", hash = "sha256:581e287bf42587593b88b30d9db06ed0fccbf40f345a5bd3ec3f00a5692e2430", size = 55055, upload-time = "2026-03-09T13:01:33.467Z" },
    { url = "https://files.pythonhosted.org/packages/8d/42/efb7ced69f7d1d31eb8f19b2d778aeb182be7e070569d02b9057ac478e3e/pyqt6_sip-13.11.1-cp314-cp314-win_arm64.whl", hash = "sha256:42b62530a9b6a9c6e29c2941b8ab78258652da0aeae4eb1fc9a0631d19a7a7b2", size = 49597, upload-time = "2026-03-09T13:01:34.49Z" },
]

[[package]]
name = "python-xlib"
version = "0.33"
source = { registry = "https://pypi.org/simple" }
dependencies = [
    { name = "six" },
]
sdist = { url = "https://files.pythonhosted.org/packages/86/f5/8c0653e5bb54e0cbdfe27bf32d41f27bc4e12faa8742778c17f2a71be2c0/python-xlib-0.33.tar.gz", hash = "sha256:55af7906a2c75ce6cb280a584776080602444f75815a7aff4d287bb2d7018b32", size = 269068, upload-time = "2022-12-25T18:53:00.824Z" }
wheels = [
    { url = "https://files.pythonhosted.org/packages/fc/b8/ff33610932e0ee81ae7f1269c890f697d56ff74b9f5b2ee5d9b7fa2c5355/python_xlib-0.33-py2.py3-none-any.whl", hash = "sha256:c3534038d42e0df2f1392a1b30a15a4ff5fdc2b86cfa94f072bf11b10a164398", size = 182185, upload-time = "2022-12-25T18:52:58.662Z" },
]

[[package]]
name = "pywin32-ctypes"
version = "0.2.3"
source = { registry = "https://pypi.org/simple" }
sdist = { url = "https://files.pythonhosted.org/packages/85/9f/01a1a99704853cb63f253eea009390c88e7131c67e66a0a02099a8c917cb/pywin32-ctypes-0.2.3.tar.gz", hash = "sha256:d162dc04946d704503b2edc4d55f3dba5c1d539ead017afa00142c38b9885755", size = 29471, upload-time = "2024-08-14T10:15:34.626Z" }
wheels = [
    { url = "https://files.pythonhosted.org/packages/de/3d/8161f7711c017e01ac9f008dfddd9410dff3674334c233bde66e7ba65bbf/pywin32_ctypes-0.2.3-py3-none-any.whl", hash = "sha256:8a1513379d709975552d202d942d9837758905c8d01eb82b8bcc30918929e7b8", size = 30756, upload-time = "2024-08-14T10:15:33.187Z" },
]

[[package]]
name = "schizo-keyboard"
version = "0.1.0"
source = { virtual = "." }
dependencies = [
    { name = "pynput" },
    { name = "pyqt6" },
]

[package.dev-dependencies]
dev = [
    { name = "pyinstaller" },
]

[package.metadata]
requires-dist = [
    { name = "pynput", specifier = ">=1.8.1" },
    { name = "pyqt6", specifier = ">=6.11.0" },
]

[package.metadata.requires-dev]
dev = [{ name = "pyinstaller", specifier = ">=6.20.0" }]

[[package]]
name = "setuptools"
version = "82.0.1"
source = { registry = "https://pypi.org/simple" }
sdist = { url = "https://files.pythonhosted.org/packages/4f/db/cfac1baf10650ab4d1c111714410d2fbb77ac5a616db26775db562c8fab2/setuptools-82.0.1.tar.gz", hash = "sha256:7d872682c5d01cfde07da7bccc7b65469d3dca203318515ada1de5eda35efbf9", size = 1152316, upload-time = "2026-03-09T12:47:17.221Z" }
wheels = [
    { url = "https://files.pythonhosted.org/packages/9d/76/f789f7a86709c6b087c5a2f52f911838cad707cc613162401badc665acfe/setuptools-82.0.1-py3-none-any.whl", hash = "sha256:a59e362652f08dcd477c78bb6e7bd9d80a7995bc73ce773050228a348ce2e5bb", size = 1006223, upload-time = "2026-03-09T12:47:15.026Z" },
]

[[package]]
name = "six"
version = "1.17.0"
source = { registry = "https://pypi.org/simple" }
sdist = { url = "https://files.pythonhosted.org/packages/94/e7/b2c673351809dca68a0e064b6af791aa332cf192da575fd474ed7d6f16a2/six-1.17.0.tar.gz", hash = "sha256:ff70335d468e7eb6ec65b95b99d3a2836546063f63acc5171de367e834932a81", size = 34031, upload-time = "2024-12-04T17:35:28.174Z" }
wheels = [
    { url = "https://files.pythonhosted.org/packages/b7/ce/149a00dd41f10bc29e5921b496af8b574d8413afcd5e30dfa0ed46c2cc5e/six-1.17.0-py2.py3-none-any.whl", hash = "sha256:4721f391ed90541fddacab5acf947aa0d3dc7d27b2e1e8eda2be8970586c3274", size = 11050, upload-time = "2024-12-04T17:35:26.475Z" },
]
